
Microsoft Visual Studio Solution File, Format Version 12.00
# Visual Studio Version 17
VisualStudioVersion = 17.7.34031.279
MinimumVisualStudioVersion = 10.0.40219.1
Project("{FAE04EC0-301F-11D3-BF4B-00C04F79EFBC}") = "практическая работа 2", "практическая работа 2\практическая работа 2.csproj", "{DB2E9B2B-8C84-4AEA-8A25-066B0B54FB79}"
EndProject
Global
	GlobalSection(SolutionConfigurationPlatforms) = preSolution
		Debug|Any CPU = Debug|Any CPU
		Release|Any CPU = Release|Any CPU
	EndGlobalSection
	GlobalSection(ProjectConfigurationPlatforms) = postSolution
		{DB2E9B2B-8C84-4AEA-8A25-066B0B54FB79}.Debug|Any CPU.ActiveCfg = Debug|Any CPU
		{DB2E9B2B-8C84-4AEA-8A25-066B0B54FB79}.Debug|Any CPU.Build.0 = Debug|Any CPU
		{DB2E9B2B-8C84-4AEA-8A25-066B0B54FB79}.Release|Any CPU.ActiveCfg = Release|Any CPU
		{DB2E9B2B-8C84-4AEA-8A25-066B0B54FB79}.Release|Any CPU.Build.0 = Release|Any CPU
	EndGlobalSection
	GlobalSection(SolutionProperties) = preSolution
		HideSolutionNode = FALSE
	EndGlobalSection
	GlobalSection(ExtensibilityGlobals) = postSolution
		SolutionGuid = {53DAF1B6-E1DE-43DC-ABB2-723FF42CC3D9}
	EndGlobalSection
EndGlobal
